
Microsoft Visual Studio Solution File, Format Version 12.00
# Visual Studio 14
VisualStudioVersion = 14.0.25123.0
MinimumVisualStudioVersion = 10.0.40219.1
Project("{FAE04EC0-301F-11D3-BF4B-00C04F79EFBC}") = "Helpers", "Helpers\Helpers.csproj", "{ED177A24-B73B-4BC2-AC3A-781E26C3B098}"
EndProject
Project("{FAE04EC0-301F-11D3-BF4B-00C04F79EFBC}") = "JDash.InMemoryAnalytics", "JDash.InMemoryAnalytics\JDash.InMemoryAnalytics\JDash.InMemoryAnalytics.csproj", "{0378FD93-B852-478C-B02C-74A9B9CD0804}"
EndProject
Project("{FAE04EC0-301F-11D3-BF4B-00C04F79EFBC}") = "DataVis.Dashboard.Web", "JDash.WebForms.Demo\DataVis.Dashboard.Web.csproj", "{58A790CD-202D-4316-A98C-FDD2CB43E3B4}"
EndProject
Project("{FAE04EC0-301F-11D3-BF4B-00C04F79EFBC}") = "GenericParsing", "GenericParsing-master\GenericParsing\GenericParsing.csproj", "{ADD325F8-CBD9-43FE-850D-E2F34D736C9D}"
EndProject
Project("{FAE04EC0-301F-11D3-BF4B-00C04F79EFBC}") = "JDash.Analytics.NLP", "JDash.Analytics.NLP\JDash.Analytics.NLP\JDash.Analytics.NLP.csproj", "{59509E02-E3F2-44FC-9CA8-2076C149A3ED}"
EndProject
Global
	GlobalSection(SolutionConfigurationPlatforms) = preSolution
		Debug|Any CPU = Debug|Any CPU
		Release|Any CPU = Release|Any CPU
	EndGlobalSection
	GlobalSection(ProjectConfigurationPlatforms) = postSolution
		{ED177A24-B73B-4BC2-AC3A-781E26C3B098}.Debug|Any CPU.ActiveCfg = Debug|Any CPU
		{ED177A24-B73B-4BC2-AC3A-781E26C3B098}.Debug|Any CPU.Build.0 = Debug|Any CPU
		{ED177A24-B73B-4BC2-AC3A-781E26C3B098}.Release|Any CPU.ActiveCfg = Release|Any CPU
		{ED177A24-B73B-4BC2-AC3A-781E26C3B098}.Release|Any CPU.Build.0 = Release|Any CPU
		{0378FD93-B852-478C-B02C-74A9B9CD0804}.Debug|Any CPU.ActiveCfg = Debug|Any CPU
		{0378FD93-B852-478C-B02C-74A9B9CD0804}.Debug|Any CPU.Build.0 = Debug|Any CPU
		{0378FD93-B852-478C-B02C-74A9B9CD0804}.Release|Any CPU.ActiveCfg = Release|Any CPU
		{0378FD93-B852-478C-B02C-74A9B9CD0804}.Release|Any CPU.Build.0 = Release|Any CPU
		{58A790CD-202D-4316-A98C-FDD2CB43E3B4}.Debug|Any CPU.ActiveCfg = Debug|Any CPU
		{58A790CD-202D-4316-A98C-FDD2CB43E3B4}.Debug|Any CPU.Build.0 = Debug|Any CPU
		{58A790CD-202D-4316-A98C-FDD2CB43E3B4}.Release|Any CPU.ActiveCfg = Release|Any CPU
		{58A790CD-202D-4316-A98C-FDD2CB43E3B4}.Release|Any CPU.Build.0 = Release|Any CPU
		{ADD325F8-CBD9-43FE-850D-E2F34D736C9D}.Debug|Any CPU.ActiveCfg = Debug|Any CPU
		{ADD325F8-CBD9-43FE-850D-E2F34D736C9D}.Debug|Any CPU.Build.0 = Debug|Any CPU
		{ADD325F8-CBD9-43FE-850D-E2F34D736C9D}.Release|Any CPU.ActiveCfg = Release|Any CPU
		{ADD325F8-CBD9-43FE-850D-E2F34D736C9D}.Release|Any CPU.Build.0 = Release|Any CPU
		{59509E02-E3F2-44FC-9CA8-2076C149A3ED}.Debug|Any CPU.ActiveCfg = Debug|Any CPU
		{59509E02-E3F2-44FC-9CA8-2076C149A3ED}.Debug|Any CPU.Build.0 = Debug|Any CPU
		{59509E02-E3F2-44FC-9CA8-2076C149A3ED}.Release|Any CPU.ActiveCfg = Release|Any CPU
		{59509E02-E3F2-44FC-9CA8-2076C149A3ED}.Release|Any CPU.Build.0 = Release|Any CPU
	EndGlobalSection
	GlobalSection(SolutionProperties) = preSolution
		HideSolutionNode = FALSE
	EndGlobalSection
EndGlobal
